// !$*UTF8*$!
{
	archiveVersion = 1;
	classes = {
	};
	objectVersion = 51;
	objects = {

/* Begin PBXBuildFile section */
		C097BA0CAE35B55E1AC04125 /* Pods_scout_basketball_appTests.framework in Frameworks */ = {isa = PBXBuildFile; fileRef = D2DB8A69AFF856F90918C482 /* Pods_scout_basketball_appTests.framework */; };
		D23D1D92302313CD2F64CE5B /* Pods_scout_basketball_app_scout_basketball_appUITests.framework in Frameworks */ = {isa = PBXBuildFile; fileRef = 21755E7180F0629C6D5EF8F0 /* Pods_scout_basketball_app_scout_basketball_appUITests.framework */; };
		D6A7C53E539E0616E37E4234 /* Pods_scout_basketball_app.framework in Frameworks */ = {isa = PBXBuildFile; fileRef = 79EA08D9394E4BE100085E28 /* Pods_scout_basketball_app.framework */; };
		D8299B7325CD6E6700DC8B3B /* AppDelegate.swift in Sources */ = {isa = PBXBuildFile; fileRef = D8299B7225CD6E6700DC8B3B /* AppDelegate.swift */; };
		D8299B7525CD6E6700DC8B3B /* SceneDelegate.swift in Sources */ = {isa = PBXBuildFile; fileRef = D8299B7425CD6E6700DC8B3B /* SceneDelegate.swift */; };
		D8299B7D25CD6E6700DC8B3B /* scout_basketball_app.xcdatamodeld in Sources */ = {isa = PBXBuildFile; fileRef = D8299B7B25CD6E6700DC8B3B /* scout_basketball_app.xcdatamodeld */; };
		D8299B7F25CD6E6800DC8B3B /* Assets.xcassets in Resources */ = {isa = PBXBuildFile; fileRef = D8299B7E25CD6E6800DC8B3B /* Assets.xcassets */; };
		D8299B8225CD6E6800DC8B3B /* LaunchScreen.storyboard in Resources */ = {isa = PBXBuildFile; fileRef = D8299B8025CD6E6800DC8B3B /* LaunchScreen.storyboard */; };
		D8299B8D25CD6E6800DC8B3B /* scout_basketball_appTests.swift in Sources */ = {isa = PBXBuildFile; fileRef = D8299B8C25CD6E6800DC8B3B /* scout_basketball_appTests.swift */; };
		D8299B9825CD6E6800DC8B3B /* scout_basketball_appUITests.swift in Sources */ = {isa = PBXBuildFile; fileRef = D8299B9725CD6E6800DC8B3B /* scout_basketball_appUITests.swift */; };
		D8299BB525CD6FFA00DC8B3B /* Coordinator.swift in Sources */ = {isa = PBXBuildFile; fileRef = D8299BB425CD6FFA00DC8B3B /* Coordinator.swift */; };
		D8299BBA25CD704200DC8B3B /* ViewCode.swift in Sources */ = {isa = PBXBuildFile; fileRef = D8299BB925CD704200DC8B3B /* ViewCode.swift */; };
		D8299BC525CD717C00DC8B3B /* NBAMatchesCoordinator.swift in Sources */ = {isa = PBXBuildFile; fileRef = D8299BC425CD717C00DC8B3B /* NBAMatchesCoordinator.swift */; };
		D8299BCA25CD71C300DC8B3B /* NBAMatchesViewController.swift in Sources */ = {isa = PBXBuildFile; fileRef = D8299BC925CD71C300DC8B3B /* NBAMatchesViewController.swift */; };
		D8299BCF25CD724100DC8B3B /* NBAMatchesViewModel.swift in Sources */ = {isa = PBXBuildFile; fileRef = D8299BCE25CD724100DC8B3B /* NBAMatchesViewModel.swift */; };
		D8299BD425CD73B500DC8B3B /* NBAMatchesView.swift in Sources */ = {isa = PBXBuildFile; fileRef = D8299BD325CD73B500DC8B3B /* NBAMatchesView.swift */; };
		D8299BDF25CD7A9100DC8B3B /* NBAMatchesTableViewCell.swift in Sources */ = {isa = PBXBuildFile; fileRef = D8299BDE25CD7A9100DC8B3B /* NBAMatchesTableViewCell.swift */; };
		D8299BEC25CD86AD00DC8B3B /* DataService.swift in Sources */ = {isa = PBXBuildFile; fileRef = D8299BEB25CD86AD00DC8B3B /* DataService.swift */; };
		D82E766E25D550BD00FEC366 /* PlayersTableViewCell.swift in Sources */ = {isa = PBXBuildFile; fileRef = D82E766D25D550BD00FEC366 /* PlayersTableViewCell.swift */; };
		D82E767325D554F900FEC366 /* AddNewPlayerBottomSheet.swift in Sources */ = {isa = PBXBuildFile; fileRef = D82E767225D554F900FEC366 /* AddNewPlayerBottomSheet.swift */; };
		D82E768125D5583700FEC366 /* AddPlayersViewController.swift in Sources */ = {isa = PBXBuildFile; fileRef = D82E768025D5583700FEC366 /* AddPlayersViewController.swift */; };
		D82E768925D5652D00FEC366 /* FloatingLabelInput.swift in Sources */ = {isa = PBXBuildFile; fileRef = D82E768825D5652D00FEC366 /* FloatingLabelInput.swift */; };
		D82E76A325D594FD00FEC366 /* Player+CoreDataClass.swift in Sources */ = {isa = PBXBuildFile; fileRef = D82E76A125D594FD00FEC366 /* Player+CoreDataClass.swift */; };
		D83C943E25D3FE2C00E36CD0 /* MenuTableViewCell.swift in Sources */ = {isa = PBXBuildFile; fileRef = D83C943D25D3FE2C00E36CD0 /* MenuTableViewCell.swift */; };
		D83C944325D41E2F00E36CD0 /* AddNewMatchBottomSheetView.swift in Sources */ = {isa = PBXBuildFile; fileRef = D83C944225D41E2F00E36CD0 /* AddNewMatchBottomSheetView.swift */; };
		D83C944B25D421E600E36CD0 /* AddNewMatchBottomSheetViewController.swift in Sources */ = {isa = PBXBuildFile; fileRef = D83C944A25D421E600E36CD0 /* AddNewMatchBottomSheetViewController.swift */; };
		D83C945025D4473400E36CD0 /* MatchesTableViewCell.swift in Sources */ = {isa = PBXBuildFile; fileRef = D83C944F25D4473400E36CD0 /* MatchesTableViewCell.swift */; };
		D8AB28CC25D2B65B00DD6B20 /* NBAMatchesViewModelTests.swift in Sources */ = {isa = PBXBuildFile; fileRef = D8AB28CB25D2B65B00DD6B20 /* NBAMatchesViewModelTests.swift */; };
		D8AB28D125D2BAD000DD6B20 /* DataServiceTests.swift in Sources */ = {isa = PBXBuildFile; fileRef = D8AB28D025D2BAD000DD6B20 /* DataServiceTests.swift */; };
		D8AB28DF25D2C2EE00DD6B20 /* StartViewModel.swift in Sources */ = {isa = PBXBuildFile; fileRef = D8AB28DE25D2C2EE00DD6B20 /* StartViewModel.swift */; };
		D8AB28E725D2C33900DD6B20 /* StartViewController.swift in Sources */ = {isa = PBXBuildFile; fileRef = D8AB28E625D2C33900DD6B20 /* StartViewController.swift */; };
		D8AB28EC25D2C3EA00DD6B20 /* StartCoordinator.swift in Sources */ = {isa = PBXBuildFile; fileRef = D8AB28EB25D2C3EA00DD6B20 /* StartCoordinator.swift */; };
		D8AB28F125D2C48D00DD6B20 /* StartView.swift in Sources */ = {isa = PBXBuildFile; fileRef = D8AB28F025D2C48D00DD6B20 /* StartView.swift */; };
		D8AB28FC25D2D28400DD6B20 /* MenuCoordinator.swift in Sources */ = {isa = PBXBuildFile; fileRef = D8AB28FB25D2D28400DD6B20 /* MenuCoordinator.swift */; };
		D8AB290425D2D2B600DD6B20 /* MenuViewModel.swift in Sources */ = {isa = PBXBuildFile; fileRef = D8AB290325D2D2B600DD6B20 /* MenuViewModel.swift */; };
		D8AB290C25D2D2E600DD6B20 /* MenuViewController.swift in Sources */ = {isa = PBXBuildFile; fileRef = D8AB290B25D2D2E600DD6B20 /* MenuViewController.swift */; };
		D8AB291125D2D30000DD6B20 /* MenuView.swift in Sources */ = {isa = PBXBuildFile; fileRef = D8AB291025D2D30000DD6B20 /* MenuView.swift */; };
		D8AB292225D2D48700DD6B20 /* MatchesView.swift in Sources */ = {isa = PBXBuildFile; fileRef = D8AB292125D2D48700DD6B20 /* MatchesView.swift */; };
		D8AB292A25D2D4F600DD6B20 /* PlayersView.swift in Sources */ = {isa = PBXBuildFile; fileRef = D8AB292925D2D4F600DD6B20 /* PlayersView.swift */; };
		D8AB292F25D2D52500DD6B20 /* MatchesViewModel.swift in Sources */ = {isa = PBXBuildFile; fileRef = D8AB292E25D2D52500DD6B20 /* MatchesViewModel.swift */; };
		D8AB293425D2D54200DD6B20 /* PlayersViewModel.swift in Sources */ = {isa = PBXBuildFile; fileRef = D8AB293325D2D54200DD6B20 /* PlayersViewModel.swift */; };
		D8AB293925D2D56600DD6B20 /* MatchesCoordinator.swift in Sources */ = {isa = PBXBuildFile; fileRef = D8AB293825D2D56600DD6B20 /* MatchesCoordinator.swift */; };
		D8AB293E25D2D58100DD6B20 /* PlayersCoordinator.swift in Sources */ = {isa = PBXBuildFile; fileRef = D8AB293D25D2D58100DD6B20 /* PlayersCoordinator.swift */; };
		D8AB294325D2D5D500DD6B20 /* MatchesViewController.swift in Sources */ = {isa = PBXBuildFile; fileRef = D8AB294225D2D5D500DD6B20 /* MatchesViewController.swift */; };
		D8AB294B25D2D64500DD6B20 /* PlayersViewController.swift in Sources */ = {isa = PBXBuildFile; fileRef = D8AB294A25D2D64500DD6B20 /* PlayersViewController.swift */; };
		D8AB6A4B25D1755100D517DB /* NBAMatchesResponseModel.swift in Sources */ = {isa = PBXBuildFile; fileRef = D8AB6A4A25D1755100D517DB /* NBAMatchesResponseModel.swift */; };
		D8AB6A5325D1858F00D517DB /* NBAMatches.swift in Sources */ = {isa = PBXBuildFile; fileRef = D8AB6A5225D1858F00D517DB /* NBAMatches.swift */; };
/* End PBXBuildFile section */

/* Begin PBXContainerItemProxy section */
		D8299B8925CD6E6800DC8B3B /* PBXContainerItemProxy */ = {
			isa = PBXContainerItemProxy;
			containerPortal = D8299B6725CD6E6700DC8B3B /* Project object */;
			proxyType = 1;
			remoteGlobalIDString = D8299B6E25CD6E6700DC8B3B;
			remoteInfo = "scout-basketball-app";
		};
		D8299B9425CD6E6800DC8B3B /* PBXContainerItemProxy */ = {
			isa = PBXContainerItemProxy;
			containerPortal = D8299B6725CD6E6700DC8B3B /* Project object */;
			proxyType = 1;
			remoteGlobalIDString = D8299B6E25CD6E6700DC8B3B;
			remoteInfo = "scout-basketball-app";
		};
/* End PBXContainerItemProxy section */

/* Begin PBXFileReference section */
		1657DF23291EE05A3AE11485 /* Pods-scout-basketball-appTests.release.xcconfig */ = {isa = PBXFileReference; includeInIndex = 1; lastKnownFileType = text.xcconfig; name = "Pods-scout-basketball-appTests.release.xcconfig"; path = "Target Support Files/Pods-scout-basketball-appTests/Pods-scout-basketball-appTests.release.xcconfig"; sourceTree = "<group>"; };
		21755E7180F0629C6D5EF8F0 /* Pods_scout_basketball_app_scout_basketball_appUITests.framework */ = {isa = PBXFileReference; explicitFileType = wrapper.framework; includeInIndex = 0; path = Pods_scout_basketball_app_scout_basketball_appUITests.framework; sourceTree = BUILT_PRODUCTS_DIR; };
		43B2147347837AB71904A41E /* Pods-scout-basketball-app.debug.xcconfig */ = {isa = PBXFileReference; includeInIndex = 1; lastKnownFileType = text.xcconfig; name = "Pods-scout-basketball-app.debug.xcconfig"; path = "Target Support Files/Pods-scout-basketball-app/Pods-scout-basketball-app.debug.xcconfig"; sourceTree = "<group>"; };
		670E44E24509EFD8207ECE59 /* Pods-scout-basketball-appTests.debug.xcconfig */ = {isa = PBXFileReference; includeInIndex = 1; lastKnownFileType = text.xcconfig; name = "Pods-scout-basketball-appTests.debug.xcconfig"; path = "Target Support Files/Pods-scout-basketball-appTests/Pods-scout-basketball-appTests.debug.xcconfig"; sourceTree = "<group>"; };
		79EA08D9394E4BE100085E28 /* Pods_scout_basketball_app.framework */ = {isa = PBXFileReference; explicitFileType = wrapper.framework; includeInIndex = 0; path = Pods_scout_basketball_app.framework; sourceTree = BUILT_PRODUCTS_DIR; };
		A9664C022F8BA719A6C90E65 /* Pods-scout-basketball-app-scout-basketball-appUITests.release.xcconfig */ = {isa = PBXFileReference; includeInIndex = 1; lastKnownFileType = text.xcconfig; name = "Pods-scout-basketball-app-scout-basketball-appUITests.release.xcconfig"; path = "Target Support Files/Pods-scout-basketball-app-scout-basketball-appUITests/Pods-scout-basketball-app-scout-basketball-appUITests.release.xcconfig"; sourceTree = "<group>"; };
		AA46F394C083206209D3FCBF /* Pods-scout-basketball-app-scout-basketball-appUITests.debug.xcconfig */ = {isa = PBXFileReference; includeInIndex = 1; lastKnownFileType = text.xcconfig; name = "Pods-scout-basketball-app-scout-basketball-appUITests.debug.xcconfig"; path = "Target Support Files/Pods-scout-basketball-app-scout-basketball-appUITests/Pods-scout-basketball-app-scout-basketball-appUITests.debug.xcconfig"; sourceTree = "<group>"; };
		D2DB8A69AFF856F90918C482 /* Pods_scout_basketball_appTests.framework */ = {isa = PBXFileReference; explicitFileType = wrapper.framework; includeInIndex = 0; path = Pods_scout_basketball_appTests.framework; sourceTree = BUILT_PRODUCTS_DIR; };
		D8299B6F25CD6E6700DC8B3B /* scout-basketball-app.app */ = {isa = PBXFileReference; explicitFileType = wrapper.application; includeInIndex = 0; path = "scout-basketball-app.app"; sourceTree = BUILT_PRODUCTS_DIR; };
		D8299B7225CD6E6700DC8B3B /* AppDelegate.swift */ = {isa = PBXFileReference; lastKnownFileType = sourcecode.swift; path = AppDelegate.swift; sourceTree = "<group>"; };
		D8299B7425CD6E6700DC8B3B /* SceneDelegate.swift */ = {isa = PBXFileReference; lastKnownFileType = sourcecode.swift; path = SceneDelegate.swift; sourceTree = "<group>"; };
		D8299B7C25CD6E6700DC8B3B /* scout_basketball_app.xcdatamodel */ = {isa = PBXFileReference; lastKnownFileType = wrapper.xcdatamodel; path = scout_basketball_app.xcdatamodel; sourceTree = "<group>"; };
		D8299B7E25CD6E6800DC8B3B /* Assets.xcassets */ = {isa = PBXFileReference; lastKnownFileType = folder.assetcatalog; path = Assets.xcassets; sourceTree = "<group>"; };
		D8299B8125CD6E6800DC8B3B /* Base */ = {isa = PBXFileReference; lastKnownFileType = file.storyboard; name = Base; path = Base.lproj/LaunchScreen.storyboard; sourceTree = "<group>"; };
		D8299B8325CD6E6800DC8B3B /* Info.plist */ = {isa = PBXFileReference; lastKnownFileType = text.plist.xml; path = Info.plist; sourceTree = "<group>"; };
		D8299B8825CD6E6800DC8B3B /* scout-basketball-appTests.xctest */ = {isa = PBXFileReference; explicitFileType = wrapper.cfbundle; includeInIndex = 0; path = "scout-basketball-appTests.xctest"; sourceTree = BUILT_PRODUCTS_DIR; };
		D8299B8C25CD6E6800DC8B3B /* scout_basketball_appTests.swift */ = {isa = PBXFileReference; lastKnownFileType = sourcecode.swift; path = scout_basketball_appTests.swift; sourceTree = "<group>"; };
		D8299B8E25CD6E6800DC8B3B /* Info.plist */ = {isa = PBXFileReference; lastKnownFileType = text.plist.xml; path = Info.plist; sourceTree = "<group>"; };
		D8299B9325CD6E6800DC8B3B /* scout-basketball-appUITests.xctest */ = {isa = PBXFileReference; explicitFileType = wrapper.cfbundle; includeInIndex = 0; path = "scout-basketball-appUITests.xctest"; sourceTree = BUILT_PRODUCTS_DIR; };
		D8299B9725CD6E6800DC8B3B /* scout_basketball_appUITests.swift */ = {isa = PBXFileReference; lastKnownFileType = sourcecode.swift; path = scout_basketball_appUITests.swift; sourceTree = "<group>"; };
		D8299B9925CD6E6800DC8B3B /* Info.plist */ = {isa = PBXFileReference; lastKnownFileType = text.plist.xml; path = Info.plist; sourceTree = "<group>"; };
		D8299BB425CD6FFA00DC8B3B /* Coordinator.swift */ = {isa = PBXFileReference; lastKnownFileType = sourcecode.swift; path = Coordinator.swift; sourceTree = "<group>"; };
		D8299BB925CD704200DC8B3B /* ViewCode.swift */ = {isa = PBXFileReference; lastKnownFileType = sourcecode.swift; path = ViewCode.swift; sourceTree = "<group>"; };
		D8299BC425CD717C00DC8B3B /* NBAMatchesCoordinator.swift */ = {isa = PBXFileReference; lastKnownFileType = sourcecode.swift; path = NBAMatchesCoordinator.swift; sourceTree = "<group>"; };
		D8299BC925CD71C300DC8B3B /* NBAMatchesViewController.swift */ = {isa = PBXFileReference; lastKnownFileType = sourcecode.swift; path = NBAMatchesViewController.swift; sourceTree = "<group>"; };
		D8299BCE25CD724100DC8B3B /* NBAMatchesViewModel.swift */ = {isa = PBXFileReference; lastKnownFileType = sourcecode.swift; path = NBAMatchesViewModel.swift; sourceTree = "<group>"; };
		D8299BD325CD73B500DC8B3B /* NBAMatchesView.swift */ = {isa = PBXFileReference; lastKnownFileType = sourcecode.swift; path = NBAMatchesView.swift; sourceTree = "<group>"; };
		D8299BDE25CD7A9100DC8B3B /* NBAMatchesTableViewCell.swift */ = {isa = PBXFileReference; lastKnownFileType = sourcecode.swift; path = NBAMatchesTableViewCell.swift; sourceTree = "<group>"; };
		D8299BEB25CD86AD00DC8B3B /* DataService.swift */ = {isa = PBXFileReference; lastKnownFileType = sourcecode.swift; path = DataService.swift; sourceTree = "<group>"; };
		D82E766D25D550BD00FEC366 /* PlayersTableViewCell.swift */ = {isa = PBXFileReference; lastKnownFileType = sourcecode.swift; path = PlayersTableViewCell.swift; sourceTree = "<group>"; };
		D82E767225D554F900FEC366 /* AddNewPlayerBottomSheet.swift */ = {isa = PBXFileReference; lastKnownFileType = sourcecode.swift; path = AddNewPlayerBottomSheet.swift; sourceTree = "<group>"; };
		D82E768025D5583700FEC366 /* AddPlayersViewController.swift */ = {isa = PBXFileReference; lastKnownFileType = sourcecode.swift; path = AddPlayersViewController.swift; sourceTree = "<group>"; };
		D82E768825D5652D00FEC366 /* FloatingLabelInput.swift */ = {isa = PBXFileReference; lastKnownFileType = sourcecode.swift; path = FloatingLabelInput.swift; sourceTree = "<group>"; };
		D82E76A125D594FD00FEC366 /* Player+CoreDataClass.swift */ = {isa = PBXFileReference; lastKnownFileType = sourcecode.swift; path = "Player+CoreDataClass.swift"; sourceTree = "<group>"; };
		D83C943D25D3FE2C00E36CD0 /* MenuTableViewCell.swift */ = {isa = PBXFileReference; lastKnownFileType = sourcecode.swift; path = MenuTableViewCell.swift; sourceTree = "<group>"; };
		D83C944225D41E2F00E36CD0 /* AddNewMatchBottomSheetView.swift */ = {isa = PBXFileReference; lastKnownFileType = sourcecode.swift; path = AddNewMatchBottomSheetView.swift; sourceTree = "<group>"; };
		D83C944A25D421E600E36CD0 /* AddNewMatchBottomSheetViewController.swift */ = {isa = PBXFileReference; lastKnownFileType = sourcecode.swift; path = AddNewMatchBottomSheetViewController.swift; sourceTree = "<group>"; };
		D83C944F25D4473400E36CD0 /* MatchesTableViewCell.swift */ = {isa = PBXFileReference; lastKnownFileType = sourcecode.swift; path = MatchesTableViewCell.swift; sourceTree = "<group>"; };
		D8AB28CB25D2B65B00DD6B20 /* NBAMatchesViewModelTests.swift */ = {isa = PBXFileReference; lastKnownFileType = sourcecode.swift; path = NBAMatchesViewModelTests.swift; sourceTree = "<group>"; };
		D8AB28D025D2BAD000DD6B20 /* DataServiceTests.swift */ = {isa = PBXFileReference; lastKnownFileType = sourcecode.swift; path = DataServiceTests.swift; sourceTree = "<group>"; };
		D8AB28DE25D2C2EE00DD6B20 /* StartViewModel.swift */ = {isa = PBXFileReference; lastKnownFileType = sourcecode.swift; path = StartViewModel.swift; sourceTree = "<group>"; };
		D8AB28E625D2C33900DD6B20 /* StartViewController.swift */ = {isa = PBXFileReference; lastKnownFileType = sourcecode.swift; path = StartViewController.swift; sourceTree = "<group>"; };
		D8AB28EB25D2C3EA00DD6B20 /* StartCoordinator.swift */ = {isa = PBXFileReference; lastKnownFileType = sourcecode.swift; path = StartCoordinator.swift; sourceTree = "<group>"; };
		D8AB28F025D2C48D00DD6B20 /* StartView.swift */ = {isa = PBXFileReference; lastKnownFileType = sourcecode.swift; path = StartView.swift; sourceTree = "<group>"; };
		D8AB28FB25D2D28400DD6B20 /* MenuCoordinator.swift */ = {isa = PBXFileReference; lastKnownFileType = sourcecode.swift; path = MenuCoordinator.swift; sourceTree = "<group>"; };
		D8AB290325D2D2B600DD6B20 /* MenuViewModel.swift */ = {isa = PBXFileReference; lastKnownFileType = sourcecode.swift; path = MenuViewModel.swift; sourceTree = "<group>"; };
		D8AB290B25D2D2E600DD6B20 /* MenuViewController.swift */ = {isa = PBXFileReference; lastKnownFileType = sourcecode.swift; path = MenuViewController.swift; sourceTree = "<group>"; };
		D8AB291025D2D30000DD6B20 /* MenuView.swift */ = {isa = PBXFileReference; lastKnownFileType = sourcecode.swift; path = MenuView.swift; sourceTree = "<group>"; };
		D8AB292125D2D48700DD6B20 /* MatchesView.swift */ = {isa = PBXFileReference; lastKnownFileType = sourcecode.swift; path = MatchesView.swift; sourceTree = "<group>"; };
		D8AB292925D2D4F600DD6B20 /* PlayersView.swift */ = {isa = PBXFileReference; lastKnownFileType = sourcecode.swift; path = PlayersView.swift; sourceTree = "<group>"; };
		D8AB292E25D2D52500DD6B20 /* MatchesViewModel.swift */ = {isa = PBXFileReference; lastKnownFileType = sourcecode.swift; path = MatchesViewModel.swift; sourceTree = "<group>"; };
		D8AB293325D2D54200DD6B20 /* PlayersViewModel.swift */ = {isa = PBXFileReference; lastKnownFileType = sourcecode.swift; path = PlayersViewModel.swift; sourceTree = "<group>"; };
		D8AB293825D2D56600DD6B20 /* MatchesCoordinator.swift */ = {isa = PBXFileReference; lastKnownFileType = sourcecode.swift; path = MatchesCoordinator.swift; sourceTree = "<group>"; };
		D8AB293D25D2D58100DD6B20 /* PlayersCoordinator.swift */ = {isa = PBXFileReference; lastKnownFileType = sourcecode.swift; path = PlayersCoordinator.swift; sourceTree = "<group>"; };
		D8AB294225D2D5D500DD6B20 /* MatchesViewController.swift */ = {isa = PBXFileReference; lastKnownFileType = sourcecode.swift; path = MatchesViewController.swift; sourceTree = "<group>"; };
		D8AB294A25D2D64500DD6B20 /* PlayersViewController.swift */ = {isa = PBXFileReference; lastKnownFileType = sourcecode.swift; path = PlayersViewController.swift; sourceTree = "<group>"; };
		D8AB6A4A25D1755100D517DB /* NBAMatchesResponseModel.swift */ = {isa = PBXFileReference; lastKnownFileType = sourcecode.swift; path = NBAMatchesResponseModel.swift; sourceTree = "<group>"; };
		D8AB6A5225D1858F00D517DB /* NBAMatches.swift */ = {isa = PBXFileReference; lastKnownFileType = sourcecode.swift; path = NBAMatches.swift; sourceTree = "<group>"; };
		E64A137A2A896505CF90072C /* Pods-scout-basketball-app.release.xcconfig */ = {isa = PBXFileReference; includeInIndex = 1; lastKnownFileType = text.xcconfig; name = "Pods-scout-basketball-app.release.xcconfig"; path = "Target Support Files/Pods-scout-basketball-app/Pods-scout-basketball-app.release.xcconfig"; sourceTree = "<group>"; };
/* End PBXFileReference section */

/* Begin PBXFrameworksBuildPhase section */
		D8299B6C25CD6E6700DC8B3B /* Frameworks */ = {
			isa = PBXFrameworksBuildPhase;
			buildActionMask = 2147483647;
			files = (
				D6A7C53E539E0616E37E4234 /* Pods_scout_basketball_app.framework in Frameworks */,
			);
			runOnlyForDeploymentPostprocessing = 0;
		};
		D8299B8525CD6E6800DC8B3B /* Frameworks */ = {
			isa = PBXFrameworksBuildPhase;
			buildActionMask = 2147483647;
			files = (
				C097BA0CAE35B55E1AC04125 /* Pods_scout_basketball_appTests.framework in Frameworks */,
			);
			runOnlyForDeploymentPostprocessing = 0;
		};
		D8299B9025CD6E6800DC8B3B /* Frameworks */ = {
			isa = PBXFrameworksBuildPhase;
			buildActionMask = 2147483647;
			files = (
				D23D1D92302313CD2F64CE5B /* Pods_scout_basketball_app_scout_basketball_appUITests.framework in Frameworks */,
			);
			runOnlyForDeploymentPostprocessing = 0;
		};
/* End PBXFrameworksBuildPhase section */

/* Begin PBXGroup section */
		A0369EED7C91B642CBBFACC7 /* Frameworks */ = {
			isa = PBXGroup;
			children = (
				79EA08D9394E4BE100085E28 /* Pods_scout_basketball_app.framework */,
				21755E7180F0629C6D5EF8F0 /* Pods_scout_basketball_app_scout_basketball_appUITests.framework */,
				D2DB8A69AFF856F90918C482 /* Pods_scout_basketball_appTests.framework */,
			);
			name = Frameworks;
			sourceTree = "<group>";
		};
		AE81EB55ADD5EBA661985D13 /* Pods */ = {
			isa = PBXGroup;
			children = (
				43B2147347837AB71904A41E /* Pods-scout-basketball-app.debug.xcconfig */,
				E64A137A2A896505CF90072C /* Pods-scout-basketball-app.release.xcconfig */,
				AA46F394C083206209D3FCBF /* Pods-scout-basketball-app-scout-basketball-appUITests.debug.xcconfig */,
				A9664C022F8BA719A6C90E65 /* Pods-scout-basketball-app-scout-basketball-appUITests.release.xcconfig */,
				670E44E24509EFD8207ECE59 /* Pods-scout-basketball-appTests.debug.xcconfig */,
				1657DF23291EE05A3AE11485 /* Pods-scout-basketball-appTests.release.xcconfig */,
			);
			path = Pods;
			sourceTree = "<group>";
		};
		D8299B6625CD6E6700DC8B3B = {
			isa = PBXGroup;
			children = (
				D8299B7125CD6E6700DC8B3B /* scout-basketball-app */,
				D8299B8B25CD6E6800DC8B3B /* scout-basketball-appTests */,
				D8299B9625CD6E6800DC8B3B /* scout-basketball-appUITests */,
				D8299B7025CD6E6700DC8B3B /* Products */,
				AE81EB55ADD5EBA661985D13 /* Pods */,
				A0369EED7C91B642CBBFACC7 /* Frameworks */,
			);
			sourceTree = "<group>";
		};
		D8299B7025CD6E6700DC8B3B /* Products */ = {
			isa = PBXGroup;
			children = (
				D8299B6F25CD6E6700DC8B3B /* scout-basketball-app.app */,
				D8299B8825CD6E6800DC8B3B /* scout-basketball-appTests.xctest */,
				D8299B9325CD6E6800DC8B3B /* scout-basketball-appUITests.xctest */,
			);
			name = Products;
			sourceTree = "<group>";
		};
		D8299B7125CD6E6700DC8B3B /* scout-basketball-app */ = {
			isa = PBXGroup;
			children = (
				D82E767725D5557300FEC366 /* Shared */,
				D8299BEA25CD868400DC8B3B /* Network */,
				D8299BAD25CD6F2300DC8B3B /* Protocols */,
				D8299BAC25CD6F1700DC8B3B /* Configuration */,
				D8299BAB25CD6EF100DC8B3B /* Scenes */,
				D8299B7E25CD6E6800DC8B3B /* Assets.xcassets */,
				D8299B8025CD6E6800DC8B3B /* LaunchScreen.storyboard */,
				D8299B8325CD6E6800DC8B3B /* Info.plist */,
				D8299B7B25CD6E6700DC8B3B /* scout_basketball_app.xcdatamodeld */,
			);
			path = "scout-basketball-app";
			sourceTree = "<group>";
		};
		D8299B8B25CD6E6800DC8B3B /* scout-basketball-appTests */ = {
			isa = PBXGroup;
			children = (
				D8299B8C25CD6E6800DC8B3B /* scout_basketball_appTests.swift */,
				D8299B8E25CD6E6800DC8B3B /* Info.plist */,
				D8AB28CB25D2B65B00DD6B20 /* NBAMatchesViewModelTests.swift */,
				D8AB28D025D2BAD000DD6B20 /* DataServiceTests.swift */,
			);
			path = "scout-basketball-appTests";
			sourceTree = "<group>";
		};
		D8299B9625CD6E6800DC8B3B /* scout-basketball-appUITests */ = {
			isa = PBXGroup;
			children = (
				D8299B9725CD6E6800DC8B3B /* scout_basketball_appUITests.swift */,
				D8299B9925CD6E6800DC8B3B /* Info.plist */,
			);
			path = "scout-basketball-appUITests";
			sourceTree = "<group>";
		};
		D8299BAB25CD6EF100DC8B3B /* Scenes */ = {
			isa = PBXGroup;
			children = (
				D8AB291B25D2D44B00DD6B20 /* Players */,
				D8AB291525D2D41B00DD6B20 /* Matches */,
				D8AB28F525D2D23900DD6B20 /* Menu */,
				D8AB28D825D2C27E00DD6B20 /* Start */,
				D8299BBE25CD70E500DC8B3B /* NBAMatches  */,
			);
			path = Scenes;
			sourceTree = "<group>";
		};
		D8299BAC25CD6F1700DC8B3B /* Configuration */ = {
			isa = PBXGroup;
			children = (
				D8299B7425CD6E6700DC8B3B /* SceneDelegate.swift */,
				D8299B7225CD6E6700DC8B3B /* AppDelegate.swift */,
			);
			path = Configuration;
			sourceTree = "<group>";
		};
		D8299BAD25CD6F2300DC8B3B /* Protocols */ = {
			isa = PBXGroup;
			children = (
				D8299BB425CD6FFA00DC8B3B /* Coordinator.swift */,
				D8299BB925CD704200DC8B3B /* ViewCode.swift */,
			);
			path = Protocols;
			sourceTree = "<group>";
		};
		D8299BBE25CD70E500DC8B3B /* NBAMatches  */ = {
			isa = PBXGroup;
			children = (
				D8299BC325CD716200DC8B3B /* Coordinator */,
				D8299BC225CD713000DC8B3B /* Model */,
				D8299BC125CD712500DC8B3B /* Controller */,
				D8299BC025CD711A00DC8B3B /* ViewModel */,
				D8299BBF25CD711100DC8B3B /* View */,
			);
			path = "NBAMatches ";
			sourceTree = "<group>";
		};
		D8299BBF25CD711100DC8B3B /* View */ = {
			isa = PBXGroup;
			children = (
				D8299BD325CD73B500DC8B3B /* NBAMatchesView.swift */,
				D8299BDE25CD7A9100DC8B3B /* NBAMatchesTableViewCell.swift */,
			);
			path = View;
			sourceTree = "<group>";
		};
		D8299BC025CD711A00DC8B3B /* ViewModel */ = {
			isa = PBXGroup;
			children = (
				D8299BCE25CD724100DC8B3B /* NBAMatchesViewModel.swift */,
			);
			path = ViewModel;
			sourceTree = "<group>";
		};
		D8299BC125CD712500DC8B3B /* Controller */ = {
			isa = PBXGroup;
			children = (
				D8299BC925CD71C300DC8B3B /* NBAMatchesViewController.swift */,
			);
			path = Controller;
			sourceTree = "<group>";
		};
		D8299BC225CD713000DC8B3B /* Model */ = {
			isa = PBXGroup;
			children = (
				D8AB6A4A25D1755100D517DB /* NBAMatchesResponseModel.swift */,
				D8AB6A5225D1858F00D517DB /* NBAMatches.swift */,
			);
			path = Model;
			sourceTree = "<group>";
		};
		D8299BC325CD716200DC8B3B /* Coordinator */ = {
			isa = PBXGroup;
			children = (
				D8299BC425CD717C00DC8B3B /* NBAMatchesCoordinator.swift */,
			);
			path = Coordinator;
			sourceTree = "<group>";
		};
		D8299BEA25CD868400DC8B3B /* Network */ = {
			isa = PBXGroup;
			children = (
				D8299BEB25CD86AD00DC8B3B /* DataService.swift */,
			);
			path = Network;
			sourceTree = "<group>";
		};
		D82E767725D5557300FEC366 /* Shared */ = {
			isa = PBXGroup;
			children = (
				D82E768825D5652D00FEC366 /* FloatingLabelInput.swift */,
			);
			path = Shared;
			sourceTree = "<group>";
		};
		D8AB28D825D2C27E00DD6B20 /* Start */ = {
			isa = PBXGroup;
			children = (
				D8AB28DD25D2C2AA00DD6B20 /* Coordinator */,
				D8AB28DC25D2C2A400DD6B20 /* Model */,
				D8AB28DB25D2C29C00DD6B20 /* Controller */,
				D8AB28DA25D2C29000DD6B20 /* ViewModel */,
				D8AB28D925D2C28800DD6B20 /* View */,
			);
			path = Start;
			sourceTree = "<group>";
		};
		D8AB28D925D2C28800DD6B20 /* View */ = {
			isa = PBXGroup;
			children = (
				D8AB28F025D2C48D00DD6B20 /* StartView.swift */,
			);
			path = View;
			sourceTree = "<group>";
		};
		D8AB28DA25D2C29000DD6B20 /* ViewModel */ = {
			isa = PBXGroup;
			children = (
				D8AB28DE25D2C2EE00DD6B20 /* StartViewModel.swift */,
			);
			path = ViewModel;
			sourceTree = "<group>";
		};
		D8AB28DB25D2C29C00DD6B20 /* Controller */ = {
			isa = PBXGroup;
			children = (
				D8AB28E625D2C33900DD6B20 /* StartViewController.swift */,
			);
			path = Controller;
			sourceTree = "<group>";
		};
		D8AB28DC25D2C2A400DD6B20 /* Model */ = {
			isa = PBXGroup;
			children = (
			);
			path = Model;
			sourceTree = "<group>";
		};
		D8AB28DD25D2C2AA00DD6B20 /* Coordinator */ = {
			isa = PBXGroup;
			children = (
				D8AB28EB25D2C3EA00DD6B20 /* StartCoordinator.swift */,
			);
			path = Coordinator;
			sourceTree = "<group>";
		};
		D8AB28F525D2D23900DD6B20 /* Menu */ = {
			isa = PBXGroup;
			children = (
				D8AB28FA25D2D26500DD6B20 /* Coordinator */,
				D8AB28F925D2D26000DD6B20 /* Model */,
				D8AB28F825D2D25900DD6B20 /* Controller */,
				D8AB28F725D2D25100DD6B20 /* ViewModel */,
				D8AB28F625D2D24900DD6B20 /* View */,
			);
			path = Menu;
			sourceTree = "<group>";
		};
		D8AB28F625D2D24900DD6B20 /* View */ = {
			isa = PBXGroup;
			children = (
				D8AB291025D2D30000DD6B20 /* MenuView.swift */,
				D83C943D25D3FE2C00E36CD0 /* MenuTableViewCell.swift */,
			);
			path = View;
			sourceTree = "<group>";
		};
		D8AB28F725D2D25100DD6B20 /* ViewModel */ = {
			isa = PBXGroup;
			children = (
				D8AB290325D2D2B600DD6B20 /* MenuViewModel.swift */,
			);
			path = ViewModel;
			sourceTree = "<group>";
		};
		D8AB28F825D2D25900DD6B20 /* Controller */ = {
			isa = PBXGroup;
			children = (
				D8AB290B25D2D2E600DD6B20 /* MenuViewController.swift */,
			);
			path = Controller;
			sourceTree = "<group>";
		};
		D8AB28F925D2D26000DD6B20 /* Model */ = {
			isa = PBXGroup;
			children = (
			);
			path = Model;
			sourceTree = "<group>";
		};
		D8AB28FA25D2D26500DD6B20 /* Coordinator */ = {
			isa = PBXGroup;
			children = (
				D8AB28FB25D2D28400DD6B20 /* MenuCoordinator.swift */,
			);
			path = Coordinator;
			sourceTree = "<group>";
		};
		D8AB291525D2D41B00DD6B20 /* Matches */ = {
			isa = PBXGroup;
			children = (
				D8AB291A25D2D43D00DD6B20 /* Coordinator */,
				D8AB291925D2D43700DD6B20 /* Model */,
				D8AB291825D2D42D00DD6B20 /* Controller */,
				D8AB291725D2D42500DD6B20 /* ViewModel */,
				D8AB291625D2D42000DD6B20 /* View */,
			);
			path = Matches;
			sourceTree = "<group>";
		};
		D8AB291625D2D42000DD6B20 /* View */ = {
			isa = PBXGroup;
			children = (
				D8AB292125D2D48700DD6B20 /* MatchesView.swift */,
				D83C944225D41E2F00E36CD0 /* AddNewMatchBottomSheetView.swift */,
				D83C944F25D4473400E36CD0 /* MatchesTableViewCell.swift */,
			);
			path = View;
			sourceTree = "<group>";
		};
		D8AB291725D2D42500DD6B20 /* ViewModel */ = {
			isa = PBXGroup;
			children = (
				D8AB292E25D2D52500DD6B20 /* MatchesViewModel.swift */,
			);
			path = ViewModel;
			sourceTree = "<group>";
		};
		D8AB291825D2D42D00DD6B20 /* Controller */ = {
			isa = PBXGroup;
			children = (
				D8AB294225D2D5D500DD6B20 /* MatchesViewController.swift */,
				D83C944A25D421E600E36CD0 /* AddNewMatchBottomSheetViewController.swift */,
			);
			path = Controller;
			sourceTree = "<group>";
		};
		D8AB291925D2D43700DD6B20 /* Model */ = {
			isa = PBXGroup;
			children = (
			);
			path = Model;
			sourceTree = "<group>";
		};
		D8AB291A25D2D43D00DD6B20 /* Coordinator */ = {
			isa = PBXGroup;
			children = (
				D8AB293825D2D56600DD6B20 /* MatchesCoordinator.swift */,
			);
			path = Coordinator;
			sourceTree = "<group>";
		};
		D8AB291B25D2D44B00DD6B20 /* Players */ = {
			isa = PBXGroup;
			children = (
				D8AB292025D2D46700DD6B20 /* Coordinator */,
				D8AB291F25D2D46300DD6B20 /* Model */,
				D8AB291E25D2D45E00DD6B20 /* Controller */,
				D8AB291D25D2D45900DD6B20 /* ViewModel */,
				D8AB291C25D2D45500DD6B20 /* View */,
			);
			path = Players;
			sourceTree = "<group>";
		};
		D8AB291C25D2D45500DD6B20 /* View */ = {
			isa = PBXGroup;
			children = (
				D8AB292925D2D4F600DD6B20 /* PlayersView.swift */,
				D82E766D25D550BD00FEC366 /* PlayersTableViewCell.swift */,
				D82E767225D554F900FEC366 /* AddNewPlayerBottomSheet.swift */,
			);
			path = View;
			sourceTree = "<group>";
		};
		D8AB291D25D2D45900DD6B20 /* ViewModel */ = {
			isa = PBXGroup;
			children = (
				D8AB293325D2D54200DD6B20 /* PlayersViewModel.swift */,
			);
			path = ViewModel;
			sourceTree = "<group>";
		};
		D8AB291E25D2D45E00DD6B20 /* Controller */ = {
			isa = PBXGroup;
			children = (
				D8AB294A25D2D64500DD6B20 /* PlayersViewController.swift */,
				D82E768025D5583700FEC366 /* AddPlayersViewController.swift */,
			);
			path = Controller;
			sourceTree = "<group>";
		};
		D8AB291F25D2D46300DD6B20 /* Model */ = {
			isa = PBXGroup;
			children = (
				D82E76A125D594FD00FEC366 /* Player+CoreDataClass.swift */,
			);
			path = Model;
			sourceTree = "<group>";
		};
		D8AB292025D2D46700DD6B20 /* Coordinator */ = {
			isa = PBXGroup;
			children = (
				D8AB293D25D2D58100DD6B20 /* PlayersCoordinator.swift */,
			);
			path = Coordinator;
			sourceTree = "<group>";
		};
/* End PBXGroup section */

/* Begin PBXNativeTarget section */
		D8299B6E25CD6E6700DC8B3B /* scout-basketball-app */ = {
			isa = PBXNativeTarget;
			buildConfigurationList = D8299B9C25CD6E6800DC8B3B /* Build configuration list for PBXNativeTarget "scout-basketball-app" */;
			buildPhases = (
				52A01FEA8C5B920DA537CE4F /* [CP] Check Pods Manifest.lock */,
				D8299B6B25CD6E6700DC8B3B /* Sources */,
				D8299B6C25CD6E6700DC8B3B /* Frameworks */,
				D8299B6D25CD6E6700DC8B3B /* Resources */,
				5DD69F48338201857023131E /* [CP] Embed Pods Frameworks */,
			);
			buildRules = (
			);
			dependencies = (
			);
			name = "scout-basketball-app";
			productName = "scout-basketball-app";
			productReference = D8299B6F25CD6E6700DC8B3B /* scout-basketball-app.app */;
			productType = "com.apple.product-type.application";
		};
		D8299B8725CD6E6800DC8B3B /* scout-basketball-appTests */ = {
			isa = PBXNativeTarget;
			buildConfigurationList = D8299B9F25CD6E6800DC8B3B /* Build configuration list for PBXNativeTarget "scout-basketball-appTests" */;
			buildPhases = (
				19EFEEC14E6885DD3369AE3C /* [CP] Check Pods Manifest.lock */,
				D8299B8425CD6E6800DC8B3B /* Sources */,
				D8299B8525CD6E6800DC8B3B /* Frameworks */,
				D8299B8625CD6E6800DC8B3B /* Resources */,
			);
			buildRules = (
			);
			dependencies = (
				D8299B8A25CD6E6800DC8B3B /* PBXTargetDependency */,
			);
			name = "scout-basketball-appTests";
			productName = "scout-basketball-appTests";
			productReference = D8299B8825CD6E6800DC8B3B /* scout-basketball-appTests.xctest */;
			productType = "com.apple.product-type.bundle.unit-test";
		};
		D8299B9225CD6E6800DC8B3B /* scout-basketball-appUITests */ = {
			isa = PBXNativeTarget;
			buildConfigurationList = D8299BA225CD6E6800DC8B3B /* Build configuration list for PBXNativeTarget "scout-basketball-appUITests" */;
			buildPhases = (
				4FE6CC1AF049DA8D72D3D708 /* [CP] Check Pods Manifest.lock */,
				D8299B8F25CD6E6800DC8B3B /* Sources */,
				D8299B9025CD6E6800DC8B3B /* Frameworks */,
				D8299B9125CD6E6800DC8B3B /* Resources */,
				58F3DF44C71F1CBBDC9EEF3A /* [CP] Embed Pods Frameworks */,
			);
			buildRules = (
			);
			dependencies = (
				D8299B9525CD6E6800DC8B3B /* PBXTargetDependency */,
			);
			name = "scout-basketball-appUITests";
			productName = "scout-basketball-appUITests";
			productReference = D8299B9325CD6E6800DC8B3B /* scout-basketball-appUITests.xctest */;
			productType = "com.apple.product-type.bundle.ui-testing";
		};
/* End PBXNativeTarget section */

/* Begin PBXProject section */
		D8299B6725CD6E6700DC8B3B /* Project object */ = {
			isa = PBXProject;
			attributes = {
				LastSwiftUpdateCheck = 1240;
				LastUpgradeCheck = 1240;
				TargetAttributes = {
					D8299B6E25CD6E6700DC8B3B = {
						CreatedOnToolsVersion = 12.4;
					};
					D8299B8725CD6E6800DC8B3B = {
						CreatedOnToolsVersion = 12.4;
						TestTargetID = D8299B6E25CD6E6700DC8B3B;
					};
					D8299B9225CD6E6800DC8B3B = {
						CreatedOnToolsVersion = 12.4;
						TestTargetID = D8299B6E25CD6E6700DC8B3B;
					};
				};
			};
			buildConfigurationList = D8299B6A25CD6E6700DC8B3B /* Build configuration list for PBXProject "scout-basketball-app" */;
			compatibilityVersion = "Xcode 9.3";
			developmentRegion = en;
			hasScannedForEncodings = 0;
			knownRegions = (
				en,
				Base,
			);
			mainGroup = D8299B6625CD6E6700DC8B3B;
			productRefGroup = D8299B7025CD6E6700DC8B3B /* Products */;
			projectDirPath = "";
			projectRoot = "";
			targets = (
				D8299B6E25CD6E6700DC8B3B /* scout-basketball-app */,
				D8299B8725CD6E6800DC8B3B /* scout-basketball-appTests */,
				D8299B9225CD6E6800DC8B3B /* scout-basketball-appUITests */,
			);
		};
/* End PBXProject section */

/* Begin PBXResourcesBuildPhase section */
		D8299B6D25CD6E6700DC8B3B /* Resources */ = {
			isa = PBXResourcesBuildPhase;
			buildActionMask = 2147483647;
			files = (
				D8299B8225CD6E6800DC8B3B /* LaunchScreen.storyboard in Resources */,
				D8299B7F25CD6E6800DC8B3B /* Assets.xcassets in Resources */,
			);
			runOnlyForDeploymentPostprocessing = 0;
		};
		D8299B8625CD6E6800DC8B3B /* Resources */ = {
			isa = PBXResourcesBuildPhase;
			buildActionMask = 2147483647;
			files = (
			);
			runOnlyForDeploymentPostprocessing = 0;
		};
		D8299B9125CD6E6800DC8B3B /* Resources */ = {
			isa = PBXResourcesBuildPhase;
			buildActionMask = 2147483647;
			files = (
			);
			runOnlyForDeploymentPostprocessing = 0;
		};
/* End PBXResourcesBuildPhase section */

/* Begin PBXShellScriptBuildPhase section */
		19EFEEC14E6885DD3369AE3C /* [CP] Check Pods Manifest.lock */ = {
			isa = PBXShellScriptBuildPhase;
			buildActionMask = 2147483647;
			files = (
			);
			inputFileListPaths = (
			);
			inputPaths = (
				"${PODS_PODFILE_DIR_PATH}/Podfile.lock",
				"${PODS_ROOT}/Manifest.lock",
			);
			name = "[CP] Check Pods Manifest.lock";
			outputFileListPaths = (
			);
			outputPaths = (
				"$(DERIVED_FILE_DIR)/Pods-scout-basketball-appTests-checkManifestLockResult.txt",
			);
			runOnlyForDeploymentPostprocessing = 0;
			shellPath = /bin/sh;
			shellScript = "diff \"${PODS_PODFILE_DIR_PATH}/Podfile.lock\" \"${PODS_ROOT}/Manifest.lock\" > /dev/null\nif [ $? != 0 ] ; then\n    # print error to STDERR\n    echo \"error: The sandbox is not in sync with the Podfile.lock. Run 'pod install' or update your CocoaPods installation.\" >&2\n    exit 1\nfi\n# This output is used by Xcode 'outputs' to avoid re-running this script phase.\necho \"SUCCESS\" > \"${SCRIPT_OUTPUT_FILE_0}\"\n";
			showEnvVarsInLog = 0;
		};
		4FE6CC1AF049DA8D72D3D708 /* [CP] Check Pods Manifest.lock */ = {
			isa = PBXShellScriptBuildPhase;
			buildActionMask = 2147483647;
			files = (
			);
			inputFileListPaths = (
			);
			inputPaths = (
				"${PODS_PODFILE_DIR_PATH}/Podfile.lock",
				"${PODS_ROOT}/Manifest.lock",
			);
			name = "[CP] Check Pods Manifest.lock";
			outputFileListPaths = (
			);
			outputPaths = (
				"$(DERIVED_FILE_DIR)/Pods-scout-basketball-app-scout-basketball-appUITests-checkManifestLockResult.txt",
			);
			runOnlyForDeploymentPostprocessing = 0;
			shellPath = /bin/sh;
			shellScript = "diff \"${PODS_PODFILE_DIR_PATH}/Podfile.lock\" \"${PODS_ROOT}/Manifest.lock\" > /dev/null\nif [ $? != 0 ] ; then\n    # print error to STDERR\n    echo \"error: The sandbox is not in sync with the Podfile.lock. Run 'pod install' or update your CocoaPods installation.\" >&2\n    exit 1\nfi\n# This output is used by Xcode 'outputs' to avoid re-running this script phase.\necho \"SUCCESS\" > \"${SCRIPT_OUTPUT_FILE_0}\"\n";
			showEnvVarsInLog = 0;
		};
		52A01FEA8C5B920DA537CE4F /* [CP] Check Pods Manifest.lock */ = {
			isa = PBXShellScriptBuildPhase;
			buildActionMask = 2147483647;
			files = (
			);
			inputFileListPaths = (
			);
			inputPaths = (
				"${PODS_PODFILE_DIR_PATH}/Podfile.lock",
				"${PODS_ROOT}/Manifest.lock",
			);
			name = "[CP] Check Pods Manifest.lock";
			outputFileListPaths = (
			);
			outputPaths = (
				"$(DERIVED_FILE_DIR)/Pods-scout-basketball-app-checkManifestLockResult.txt",
			);
			runOnlyForDeploymentPostprocessing = 0;
			shellPath = /bin/sh;
			shellScript = "diff \"${PODS_PODFILE_DIR_PATH}/Podfile.lock\" \"${PODS_ROOT}/Manifest.lock\" > /dev/null\nif [ $? != 0 ] ; then\n    # print error to STDERR\n    echo \"error: The sandbox is not in sync with the Podfile.lock. Run 'pod install' or update your CocoaPods installation.\" >&2\n    exit 1\nfi\n# This output is used by Xcode 'outputs' to avoid re-running this script phase.\necho \"SUCCESS\" > \"${SCRIPT_OUTPUT_FILE_0}\"\n";
			showEnvVarsInLog = 0;
		};
		58F3DF44C71F1CBBDC9EEF3A /* [CP] Embed Pods Frameworks */ = {
			isa = PBXShellScriptBuildPhase;
			buildActionMask = 2147483647;
			files = (
			);
			inputFileListPaths = (
				"${PODS_ROOT}/Target Support Files/Pods-scout-basketball-app-scout-basketball-appUITests/Pods-scout-basketball-app-scout-basketball-appUITests-frameworks-${CONFIGURATION}-input-files.xcfilelist",
			);
			name = "[CP] Embed Pods Frameworks";
			outputFileListPaths = (
				"${PODS_ROOT}/Target Support Files/Pods-scout-basketball-app-scout-basketball-appUITests/Pods-scout-basketball-app-scout-basketball-appUITests-frameworks-${CONFIGURATION}-output-files.xcfilelist",
			);
			runOnlyForDeploymentPostprocessing = 0;
			shellPath = /bin/sh;
			shellScript = "\"${PODS_ROOT}/Target Support Files/Pods-scout-basketball-app-scout-basketball-appUITests/Pods-scout-basketball-app-scout-basketball-appUITests-frameworks.sh\"\n";
			showEnvVarsInLog = 0;
		};
		5DD69F48338201857023131E /* [CP] Embed Pods Frameworks */ = {
			isa = PBXShellScriptBuildPhase;
			buildActionMask = 2147483647;
			files = (
			);
			inputFileListPaths = (
				"${PODS_ROOT}/Target Support Files/Pods-scout-basketball-app/Pods-scout-basketball-app-frameworks-${CONFIGURATION}-input-files.xcfilelist",
			);
			name = "[CP] Embed Pods Frameworks";
			outputFileListPaths = (
				"${PODS_ROOT}/Target Support Files/Pods-scout-basketball-app/Pods-scout-basketball-app-frameworks-${CONFIGURATION}-output-files.xcfilelist",
			);
			runOnlyForDeploymentPostprocessing = 0;
			shellPath = /bin/sh;
			shellScript = "\"${PODS_ROOT}/Target Support Files/Pods-scout-basketball-app/Pods-scout-basketball-app-frameworks.sh\"\n";
			showEnvVarsInLog = 0;
		};
/* End PBXShellScriptBuildPhase section */

/* Begin PBXSourcesBuildPhase section */
		D8299B6B25CD6E6700DC8B3B /* Sources */ = {
			isa = PBXSourcesBuildPhase;
			buildActionMask = 2147483647;
			files = (
				D8AB292A25D2D4F600DD6B20 /* PlayersView.swift in Sources */,
				D8AB28F125D2C48D00DD6B20 /* StartView.swift in Sources */,
				D8AB294B25D2D64500DD6B20 /* PlayersViewController.swift in Sources */,
				D8299BB525CD6FFA00DC8B3B /* Coordinator.swift in Sources */,
				D83C945025D4473400E36CD0 /* MatchesTableViewCell.swift in Sources */,
				D8299BEC25CD86AD00DC8B3B /* DataService.swift in Sources */,
				D83C944325D41E2F00E36CD0 /* AddNewMatchBottomSheetView.swift in Sources */,
				D8AB293925D2D56600DD6B20 /* MatchesCoordinator.swift in Sources */,
				D8AB290425D2D2B600DD6B20 /* MenuViewModel.swift in Sources */,
				D8AB6A4B25D1755100D517DB /* NBAMatchesResponseModel.swift in Sources */,
				D8AB28EC25D2C3EA00DD6B20 /* StartCoordinator.swift in Sources */,
				D8AB6A5325D1858F00D517DB /* NBAMatches.swift in Sources */,
				D8AB291125D2D30000DD6B20 /* MenuView.swift in Sources */,
				D8299BCA25CD71C300DC8B3B /* NBAMatchesViewController.swift in Sources */,
				D8AB28FC25D2D28400DD6B20 /* MenuCoordinator.swift in Sources */,
				D8AB28E725D2C33900DD6B20 /* StartViewController.swift in Sources */,
				D82E766E25D550BD00FEC366 /* PlayersTableViewCell.swift in Sources */,
				D82E767325D554F900FEC366 /* AddNewPlayerBottomSheet.swift in Sources */,
				D82E768925D5652D00FEC366 /* FloatingLabelInput.swift in Sources */,
				D83C943E25D3FE2C00E36CD0 /* MenuTableViewCell.swift in Sources */,
				D8299BBA25CD704200DC8B3B /* ViewCode.swift in Sources */,
				D8AB294325D2D5D500DD6B20 /* MatchesViewController.swift in Sources */,
				D83C944B25D421E600E36CD0 /* AddNewMatchBottomSheetViewController.swift in Sources */,
				D8AB292225D2D48700DD6B20 /* MatchesView.swift in Sources */,
				D8AB290C25D2D2E600DD6B20 /* MenuViewController.swift in Sources */,
				D8299B7D25CD6E6700DC8B3B /* scout_basketball_app.xcdatamodeld in Sources */,
				D82E76A325D594FD00FEC366 /* Player+CoreDataClass.swift in Sources */,
				D8299B7325CD6E6700DC8B3B /* AppDelegate.swift in Sources */,
				D8299B7525CD6E6700DC8B3B /* SceneDelegate.swift in Sources */,
				D82E768125D5583700FEC366 /* AddPlayersViewController.swift in Sources */,
				D8AB292F25D2D52500DD6B20 /* MatchesViewModel.swift in Sources */,
				D8AB28DF25D2C2EE00DD6B20 /* StartViewModel.swift in Sources */,
				D8299BDF25CD7A9100DC8B3B /* NBAMatchesTableViewCell.swift in Sources */,
				D8299BC525CD717C00DC8B3B /* NBAMatchesCoordinator.swift in Sources */,
				D8AB293E25D2D58100DD6B20 /* PlayersCoordinator.swift in Sources */,
				D8AB293425D2D54200DD6B20 /* PlayersViewModel.swift in Sources */,
				D8299BCF25CD724100DC8B3B /* NBAMatchesViewModel.swift in Sources */,
				D8299BD425CD73B500DC8B3B /* NBAMatchesView.swift in Sources */,
			);
			runOnlyForDeploymentPostprocessing = 0;
		};
		D8299B8425CD6E6800DC8B3B /* Sources */ = {
			isa = PBXSourcesBuildPhase;
			buildActionMask = 2147483647;
			files = (
				D8AB28D125D2BAD000DD6B20 /* DataServiceTests.swift in Sources */,
				D8AB28CC25D2B65B00DD6B20 /* NBAMatchesViewModelTests.swift in Sources */,
				D8299B8D25CD6E6800DC8B3B /* scout_basketball_appTests.swift in Sources */,
			);
			runOnlyForDeploymentPostprocessing = 0;
		};
		D8299B8F25CD6E6800DC8B3B /* Sources */ = {
			isa = PBXSourcesBuildPhase;
			buildActionMask = 2147483647;
			files = (
				D8299B9825CD6E6800DC8B3B /* scout_basketball_appUITests.swift in Sources */,
			);
			runOnlyForDeploymentPostprocessing = 0;
		};
/* End PBXSourcesBuildPhase section */

/* Begin PBXTargetDependency section */
		D8299B8A25CD6E6800DC8B3B /* PBXTargetDependency */ = {
			isa = PBXTargetDependency;
			target = D8299B6E25CD6E6700DC8B3B /* scout-basketball-app */;
			targetProxy = D8299B8925CD6E6800DC8B3B /* PBXContainerItemProxy */;
		};
		D8299B9525CD6E6800DC8B3B /* PBXTargetDependency */ = {
			isa = PBXTargetDependency;
			target = D8299B6E25CD6E6700DC8B3B /* scout-basketball-app */;
			targetProxy = D8299B9425CD6E6800DC8B3B /* PBXContainerItemProxy */;
		};
/* End PBXTargetDependency section */

/* Begin PBXVariantGroup section */
		D8299B8025CD6E6800DC8B3B /* LaunchScreen.storyboard */ = {
			isa = PBXVariantGroup;
			children = (
				D8299B8125CD6E6800DC8B3B /* Base */,
			);
			name = LaunchScreen.storyboard;
			sourceTree = "<group>";
		};
/* End PBXVariantGroup section */

/* Begin XCBuildConfiguration section */
		D8299B9A25CD6E6800DC8B3B /* Debug */ = {
			isa = XCBuildConfiguration;
			buildSettings = {
				ALWAYS_SEARCH_USER_PATHS = NO;
				CLANG_ANALYZER_NONNULL = YES;
				CLANG_ANALYZER_NUMBER_OBJECT_CONVERSION = YES_AGGRESSIVE;
				CLANG_CXX_LANGUAGE_STANDARD = "gnu++14";
				CLANG_CXX_LIBRARY = "libc++";
				CLANG_ENABLE_MODULES = YES;
				CLANG_ENABLE_OBJC_ARC = YES;
				CLANG_ENABLE_OBJC_WEAK = YES;
				CLANG_WARN_BLOCK_CAPTURE_AUTORELEASING = YES;
				CLANG_WARN_BOOL_CONVERSION = YES;
				CLANG_WARN_COMMA = YES;
				CLANG_WARN_CONSTANT_CONVERSION = YES;
				CLANG_WARN_DEPRECATED_OBJC_IMPLEMENTATIONS = YES;
				CLANG_WARN_DIRECT_OBJC_ISA_USAGE = YES_ERROR;
				CLANG_WARN_DOCUMENTATION_COMMENTS = YES;
				CLANG_WARN_EMPTY_BODY = YES;
				CLANG_WARN_ENUM_CONVERSION = YES;
				CLANG_WARN_INFINITE_RECURSION = YES;
				CLANG_WARN_INT_CONVERSION = YES;
				CLANG_WARN_NON_LITERAL_NULL_CONVERSION = YES;
				CLANG_WARN_OBJC_IMPLICIT_RETAIN_SELF = YES;
				CLANG_WARN_OBJC_LITERAL_CONVERSION = YES;
				CLANG_WARN_OBJC_ROOT_CLASS = YES_ERROR;
				CLANG_WARN_QUOTED_INCLUDE_IN_FRAMEWORK_HEADER = YES;
				CLANG_WARN_RANGE_LOOP_ANALYSIS = YES;
				CLANG_WARN_STRICT_PROTOTYPES = YES;
				CLANG_WARN_SUSPICIOUS_MOVE = YES;
				CLANG_WARN_UNGUARDED_AVAILABILITY = YES_AGGRESSIVE;
				CLANG_WARN_UNREACHABLE_CODE = YES;
				CLANG_WARN__DUPLICATE_METHOD_MATCH = YES;
				COPY_PHASE_STRIP = NO;
				DEBUG_INFORMATION_FORMAT = dwarf;
				ENABLE_STRICT_OBJC_MSGSEND = YES;
				ENABLE_TESTABILITY = YES;
				GCC_C_LANGUAGE_STANDARD = gnu11;
				GCC_DYNAMIC_NO_PIC = NO;
				GCC_NO_COMMON_BLOCKS = YES;
				GCC_OPTIMIZATION_LEVEL = 0;
				GCC_PREPROCESSOR_DEFINITIONS = (
					"DEBUG=1",
					"$(inherited)",
				);
				GCC_WARN_64_TO_32_BIT_CONVERSION = YES;
				GCC_WARN_ABOUT_RETURN_TYPE = YES_ERROR;
				GCC_WARN_UNDECLARED_SELECTOR = YES;
				GCC_WARN_UNINITIALIZED_AUTOS = YES_AGGRESSIVE;
				GCC_WARN_UNUSED_FUNCTION = YES;
				GCC_WARN_UNUSED_VARIABLE = YES;
				IPHONEOS_DEPLOYMENT_TARGET = 14.4;
				MTL_ENABLE_DEBUG_INFO = INCLUDE_SOURCE;
				MTL_FAST_MATH = YES;
				ONLY_ACTIVE_ARCH = YES;
				SDKROOT = iphoneos;
				SWIFT_ACTIVE_COMPILATION_CONDITIONS = DEBUG;
				SWIFT_OPTIMIZATION_LEVEL = "-Onone";
			};
			name = Debug;
		};
		D8299B9B25CD6E6800DC8B3B /* Release */ = {
			isa = XCBuildConfiguration;
			buildSettings = {
				ALWAYS_SEARCH_USER_PATHS = NO;
				CLANG_ANALYZER_NONNULL = YES;
				CLANG_ANALYZER_NUMBER_OBJECT_CONVERSION = YES_AGGRESSIVE;
				CLANG_CXX_LANGUAGE_STANDARD = "gnu++14";
				CLANG_CXX_LIBRARY = "libc++";
				CLANG_ENABLE_MODULES = YES;
				CLANG_ENABLE_OBJC_ARC = YES;
				CLANG_ENABLE_OBJC_WEAK = YES;
				CLANG_WARN_BLOCK_CAPTURE_AUTORELEASING = YES;
				CLANG_WARN_BOOL_CONVERSION = YES;
				CLANG_WARN_COMMA = YES;
				CLANG_WARN_CONSTANT_CONVERSION = YES;
				CLANG_WARN_DEPRECATED_OBJC_IMPLEMENTATIONS = YES;
				CLANG_WARN_DIRECT_OBJC_ISA_USAGE = YES_ERROR;
				CLANG_WARN_DOCUMENTATION_COMMENTS = YES;
				CLANG_WARN_EMPTY_BODY = YES;
				CLANG_WARN_ENUM_CONVERSION = YES;
				CLANG_WARN_INFINITE_RECURSION = YES;
				CLANG_WARN_INT_CONVERSION = YES;
				CLANG_WARN_NON_LITERAL_NULL_CONVERSION = YES;
				CLANG_WARN_OBJC_IMPLICIT_RETAIN_SELF = YES;
				CLANG_WARN_OBJC_LITERAL_CONVERSION = YES;
				CLANG_WARN_OBJC_ROOT_CLASS = YES_ERROR;
				CLANG_WARN_QUOTED_INCLUDE_IN_FRAMEWORK_HEADER = YES;
				CLANG_WARN_RANGE_LOOP_ANALYSIS = YES;
				CLANG_WARN_STRICT_PROTOTYPES = YES;
				CLANG_WARN_SUSPICIOUS_MOVE = YES;
				CLANG_WARN_UNGUARDED_AVAILABILITY = YES_AGGRESSIVE;
				CLANG_WARN_UNREACHABLE_CODE = YES;
				CLANG_WARN__DUPLICATE_METHOD_MATCH = YES;
				COPY_PHASE_STRIP = NO;
				DEBUG_INFORMATION_FORMAT = "dwarf-with-dsym";
				ENABLE_NS_ASSERTIONS = NO;
				ENABLE_STRICT_OBJC_MSGSEND = YES;
				GCC_C_LANGUAGE_STANDARD = gnu11;
				GCC_NO_COMMON_BLOCKS = YES;
				GCC_WARN_64_TO_32_BIT_CONVERSION = YES;
				GCC_WARN_ABOUT_RETURN_TYPE = YES_ERROR;
				GCC_WARN_UNDECLARED_SELECTOR = YES;
				GCC_WARN_UNINITIALIZED_AUTOS = YES_AGGRESSIVE;
				GCC_WARN_UNUSED_FUNCTION = YES;
				GCC_WARN_UNUSED_VARIABLE = YES;
				IPHONEOS_DEPLOYMENT_TARGET = 14.4;
				MTL_ENABLE_DEBUG_INFO = NO;
				MTL_FAST_MATH = YES;
				SDKROOT = iphoneos;
				SWIFT_COMPILATION_MODE = wholemodule;
				SWIFT_OPTIMIZATION_LEVEL = "-O";
				VALIDATE_PRODUCT = YES;
			};
			name = Release;
		};
		D8299B9D25CD6E6800DC8B3B /* Debug */ = {
			isa = XCBuildConfiguration;
			baseConfigurationReference = 43B2147347837AB71904A41E /* Pods-scout-basketball-app.debug.xcconfig */;
			buildSettings = {
				ASSETCATALOG_COMPILER_APPICON_NAME = AppIcon;
				ASSETCATALOG_COMPILER_GLOBAL_ACCENT_COLOR_NAME = AccentColor;
				CODE_SIGN_STYLE = Automatic;
				DEVELOPMENT_TEAM = 2V8P924DLJ;
				INFOPLIST_FILE = "scout-basketball-app/Info.plist";
				LD_RUNPATH_SEARCH_PATHS = (
					"$(inherited)",
					"@executable_path/Frameworks",
				);
				PRODUCT_BUNDLE_IDENTIFIER = "academy.scout-basketball-app";
				PRODUCT_NAME = "$(TARGET_NAME)";
				SWIFT_VERSION = 5.0;
				TARGETED_DEVICE_FAMILY = "1,2";
			};
			name = Debug;
		};
		D8299B9E25CD6E6800DC8B3B /* Release */ = {
			isa = XCBuildConfiguration;
			baseConfigurationReference = E64A137A2A896505CF90072C /* Pods-scout-basketball-app.release.xcconfig */;
			buildSettings = {
				ASSETCATALOG_COMPILER_APPICON_NAME = AppIcon;
				ASSETCATALOG_COMPILER_GLOBAL_ACCENT_COLOR_NAME = AccentColor;
				CODE_SIGN_STYLE = Automatic;
				DEVELOPMENT_TEAM = 2V8P924DLJ;
				INFOPLIST_FILE = "scout-basketball-app/Info.plist";
				LD_RUNPATH_SEARCH_PATHS = (
					"$(inherited)",
					"@executable_path/Frameworks",
				);
				PRODUCT_BUNDLE_IDENTIFIER = "academy.scout-basketball-app";
				PRODUCT_NAME = "$(TARGET_NAME)";
				SWIFT_VERSION = 5.0;
				TARGETED_DEVICE_FAMILY = "1,2";
			};
			name = Release;
		};
		D8299BA025CD6E6800DC8B3B /* Debug */ = {
			isa = XCBuildConfiguration;
			baseConfigurationReference = 670E44E24509EFD8207ECE59 /* Pods-scout-basketball-appTests.debug.xcconfig */;
			buildSettings = {
				ALWAYS_EMBED_SWIFT_STANDARD_LIBRARIES = YES;
				BUNDLE_LOADER = "$(TEST_HOST)";
				CODE_SIGN_STYLE = Automatic;
				DEVELOPMENT_TEAM = 2V8P924DLJ;
				INFOPLIST_FILE = "scout-basketball-appTests/Info.plist";
				IPHONEOS_DEPLOYMENT_TARGET = 14.4;
				LD_RUNPATH_SEARCH_PATHS = (
					"$(inherited)",
					"@executable_path/Frameworks",
					"@loader_path/Frameworks",
				);
				PRODUCT_BUNDLE_IDENTIFIER = "academy.scout-basketball-appTests";
				PRODUCT_NAME = "$(TARGET_NAME)";
				SWIFT_VERSION = 5.0;
				TARGETED_DEVICE_FAMILY = "1,2";
				TEST_HOST = "$(BUILT_PRODUCTS_DIR)/scout-basketball-app.app/scout-basketball-app";
			};
			name = Debug;
		};
		D8299BA125CD6E6800DC8B3B /* Release */ = {
			isa = XCBuildConfiguration;
			baseConfigurationReference = 1657DF23291EE05A3AE11485 /* Pods-scout-basketball-appTests.release.xcconfig */;
			buildSettings = {
				ALWAYS_EMBED_SWIFT_STANDARD_LIBRARIES = YES;
				BUNDLE_LOADER = "$(TEST_HOST)";
				CODE_SIGN_STYLE = Automatic;
				DEVELOPMENT_TEAM = 2V8P924DLJ;
				INFOPLIST_FILE = "scout-basketball-appTests/Info.plist";
				IPHONEOS_DEPLOYMENT_TARGET = 14.4;
				LD_RUNPATH_SEARCH_PATHS = (
					"$(inherited)",
					"@executable_path/Frameworks",
					"@loader_path/Frameworks",
				);
				PRODUCT_BUNDLE_IDENTIFIER = "academy.scout-basketball-appTests";
				PRODUCT_NAME = "$(TARGET_NAME)";
				SWIFT_VERSION = 5.0;
				TARGETED_DEVICE_FAMILY = "1,2";
				TEST_HOST = "$(BUILT_PRODUCTS_DIR)/scout-basketball-app.app/scout-basketball-app";
			};
			name = Release;
		};
		D8299BA325CD6E6800DC8B3B /* Debug */ = {
			isa = XCBuildConfiguration;
			baseConfigurationReference = AA46F394C083206209D3FCBF /* Pods-scout-basketball-app-scout-basketball-appUITests.debug.xcconfig */;
			buildSettings = {
				ALWAYS_EMBED_SWIFT_STANDARD_LIBRARIES = YES;
				CODE_SIGN_STYLE = Automatic;
				DEVELOPMENT_TEAM = 2V8P924DLJ;
				INFOPLIST_FILE = "scout-basketball-appUITests/Info.plist";
				LD_RUNPATH_SEARCH_PATHS = (
					"$(inherited)",
					"@executable_path/Frameworks",
					"@loader_path/Frameworks",
				);
				PRODUCT_BUNDLE_IDENTIFIER = "academy.scout-basketball-appUITests";
				PRODUCT_NAME = "$(TARGET_NAME)";
				SWIFT_VERSION = 5.0;
				TARGETED_DEVICE_FAMILY = "1,2";
				TEST_TARGET_NAME = "scout-basketball-app";
			};
			name = Debug;
		};
		D8299BA425CD6E6800DC8B3B /* Release */ = {
			isa = XCBuildConfiguration;
			baseConfigurationReference = A9664C022F8BA719A6C90E65 /* Pods-scout-basketball-app-scout-basketball-appUITests.release.xcconfig */;
			buildSettings = {
				ALWAYS_EMBED_SWIFT_STANDARD_LIBRARIES = YES;
				CODE_SIGN_STYLE = Automatic;
				DEVELOPMENT_TEAM = 2V8P924DLJ;
				INFOPLIST_FILE = "scout-basketball-appUITests/Info.plist";
				LD_RUNPATH_SEARCH_PATHS = (
					"$(inherited)",
					"@executable_path/Frameworks",
					"@loader_path/Frameworks",
				);
				PRODUCT_BUNDLE_IDENTIFIER = "academy.scout-basketball-appUITests";
				PRODUCT_NAME = "$(TARGET_NAME)";
				SWIFT_VERSION = 5.0;
				TARGETED_DEVICE_FAMILY = "1,2";
				TEST_TARGET_NAME = "scout-basketball-app";
			};
			name = Release;
		};
/* End XCBuildConfiguration section */

/* Begin XCConfigurationList section */
		D8299B6A25CD6E6700DC8B3B /* Build configuration list for PBXProject "scout-basketball-app" */ = {
			isa = XCConfigurationList;
			buildConfigurations = (
				D8299B9A25CD6E6800DC8B3B /* Debug */,
				D8299B9B25CD6E6800DC8B3B /* Release */,
			);
			defaultConfigurationIsVisible = 0;
			defaultConfigurationName = Release;
		};
		D8299B9C25CD6E6800DC8B3B /* Build configuration list for PBXNativeTarget "scout-basketball-app" */ = {
			isa = XCConfigurationList;
			buildConfigurations = (
				D8299B9D25CD6E6800DC8B3B /* Debug */,
				D8299B9E25CD6E6800DC8B3B /* Release */,
			);
			defaultConfigurationIsVisible = 0;
			defaultConfigurationName = Release;
		};
		D8299B9F25CD6E6800DC8B3B /* Build configuration list for PBXNativeTarget "scout-basketball-appTests" */ = {
			isa = XCConfigurationList;
			buildConfigurations = (
				D8299BA025CD6E6800DC8B3B /* Debug */,
				D8299BA125CD6E6800DC8B3B /* Release */,
			);
			defaultConfigurationIsVisible = 0;
			defaultConfigurationName = Release;
		};
		D8299BA225CD6E6800DC8B3B /* Build configuration list for PBXNativeTarget "scout-basketball-appUITests" */ = {
			isa = XCConfigurationList;
			buildConfigurations = (
				D8299BA325CD6E6800DC8B3B /* Debug */,
				D8299BA425CD6E6800DC8B3B /* Release */,
			);
			defaultConfigurationIsVisible = 0;
			defaultConfigurationName = Release;
		};
/* End XCConfigurationList section */

/* Begin XCVersionGroup section */
		D8299B7B25CD6E6700DC8B3B /* scout_basketball_app.xcdatamodeld */ = {
			isa = XCVersionGroup;
			children = (
				D8299B7C25CD6E6700DC8B3B /* scout_basketball_app.xcdatamodel */,
			);
			currentVersion = D8299B7C25CD6E6700DC8B3B /* scout_basketball_app.xcdatamodel */;
			path = scout_basketball_app.xcdatamodeld;
			sourceTree = "<group>";
			versionGroupType = wrapper.xcdatamodel;
		};
/* End XCVersionGroup section */
	};
	rootObject = D8299B6725CD6E6700DC8B3B /* Project object */;
}
